
Microsoft Visual Studio Solution File, Format Version 12.00
# Visual Studio Version 16
VisualStudioVersion = 16.0.31410.357
MinimumVisualStudioVersion = 10.0.40219.1
Project("{FAE04EC0-301F-11D3-BF4B-00C04F79EFBC}") = "LiskovSubstitutionPrinciple", "LiskovSubstitutionPrinciple.csproj", "{47465318-2BEB-4523-94DC-71BE1C3EFFF4}"
EndProject
Global
	GlobalSection(SolutionConfigurationPlatforms) = preSolution
		Debug|Any CPU = Debug|Any CPU
		Release|Any CPU = Release|Any CPU
	EndGlobalSection
	GlobalSection(ProjectConfigurationPlatforms) = postSolution
		{47465318-2BEB-4523-94DC-71BE1C3EFFF4}.Debug|Any CPU.ActiveCfg = Debug|Any CPU
		{47465318-2BEB-4523-94DC-71BE1C3EFFF4}.Debug|Any CPU.Build.0 = Debug|Any CPU
		{47465318-2BEB-4523-94DC-71BE1C3EFFF4}.Release|Any CPU.ActiveCfg = Release|Any CPU
		{47465318-2BEB-4523-94DC-71BE1C3EFFF4}.Release|Any CPU.Build.0 = Release|Any CPU
	EndGlobalSection
	GlobalSection(SolutionProperties) = preSolution
		HideSolutionNode = FALSE
	EndGlobalSection
	GlobalSection(ExtensibilityGlobals) = postSolution
		SolutionGuid = {F1CC658B-CA00-4141-B646-7889E2F70241}
	EndGlobalSection
EndGlobal
